
Microsoft Visual Studio Solution File, Format Version 11.00
# Visual Studio 2010
Project("{FAE04EC0-301F-11D3-BF4B-00C04F79EFBC}") = "ImpromptuInterface", "ImpromptuInterface\ImpromptuInterface.csproj", "{DAB7C056-660A-4153-8FF2-B80A41310AD7}"
EndProject
Project("{FAE04EC0-301F-11D3-BF4B-00C04F79EFBC}") = "UnitTestImpromptuInterface", "UnitTestImpromptuInterface\UnitTestImpromptuInterface.csproj", "{A559B4F8-8D9D-4761-B2D2-BB4104760450}"
EndProject
Project("{FAE04EC0-301F-11D3-BF4B-00C04F79EFBC}") = "Test", "Test\Test.csproj", "{EAA23773-6874-4651-8BA3-44838D775E16}"
EndProject
Project("{FAE04EC0-301F-11D3-BF4B-00C04F79EFBC}") = "ImpromptuInterface.Silverlight", "ImpromptuInterface.Silverlight\ImpromptuInterface.Silverlight.csproj", "{9181A92F-9A17-45A3-BBDB-EAC085A901A0}"
EndProject
Project("{FAE04EC0-301F-11D3-BF4B-00C04F79EFBC}") = "UnitTestImpromptuInterface.Silverlight", "UnitTestImpromputInterface.Silverlight\UnitTestImpromptuInterface.Silverlight.csproj", "{A009FD57-4F7A-43F5-A155-0EE35C0F5FC1}"
EndProject
Global
	GlobalSection(SolutionConfigurationPlatforms) = preSolution
		Debug|Any CPU = Debug|Any CPU
		Release|Any CPU = Release|Any CPU
	EndGlobalSection
	GlobalSection(ProjectConfigurationPlatforms) = postSolution
		{DAB7C056-660A-4153-8FF2-B80A41310AD7}.Debug|Any CPU.ActiveCfg = Debug|Any CPU
		{DAB7C056-660A-4153-8FF2-B80A41310AD7}.Debug|Any CPU.Build.0 = Debug|Any CPU
		{DAB7C056-660A-4153-8FF2-B80A41310AD7}.Release|Any CPU.ActiveCfg = Release|Any CPU
		{DAB7C056-660A-4153-8FF2-B80A41310AD7}.Release|Any CPU.Build.0 = Release|Any CPU
		{A559B4F8-8D9D-4761-B2D2-BB4104760450}.Debug|Any CPU.ActiveCfg = Debug|Any CPU
		{A559B4F8-8D9D-4761-B2D2-BB4104760450}.Debug|Any CPU.Build.0 = Debug|Any CPU
		{A559B4F8-8D9D-4761-B2D2-BB4104760450}.Release|Any CPU.ActiveCfg = Release|Any CPU
		{A559B4F8-8D9D-4761-B2D2-BB4104760450}.Release|Any CPU.Build.0 = Release|Any CPU
		{EAA23773-6874-4651-8BA3-44838D775E16}.Debug|Any CPU.ActiveCfg = Debug|Any CPU
		{EAA23773-6874-4651-8BA3-44838D775E16}.Debug|Any CPU.Build.0 = Debug|Any CPU
		{EAA23773-6874-4651-8BA3-44838D775E16}.Release|Any CPU.ActiveCfg = Release|Any CPU
		{EAA23773-6874-4651-8BA3-44838D775E16}.Release|Any CPU.Build.0 = Release|Any CPU
		{9181A92F-9A17-45A3-BBDB-EAC085A901A0}.Debug|Any CPU.ActiveCfg = Debug|Any CPU
		{9181A92F-9A17-45A3-BBDB-EAC085A901A0}.Debug|Any CPU.Build.0 = Debug|Any CPU
		{9181A92F-9A17-45A3-BBDB-EAC085A901A0}.Release|Any CPU.ActiveCfg = Release|Any CPU
		{9181A92F-9A17-45A3-BBDB-EAC085A901A0}.Release|Any CPU.Build.0 = Release|Any CPU
		{A009FD57-4F7A-43F5-A155-0EE35C0F5FC1}.Debug|Any CPU.ActiveCfg = Debug|Any CPU
		{A009FD57-4F7A-43F5-A155-0EE35C0F5FC1}.Debug|Any CPU.Build.0 = Debug|Any CPU
		{A009FD57-4F7A-43F5-A155-0EE35C0F5FC1}.Release|Any CPU.ActiveCfg = Release|Any CPU
		{A009FD57-4F7A-43F5-A155-0EE35C0F5FC1}.Release|Any CPU.Build.0 = Release|Any CPU
	EndGlobalSection
	GlobalSection(SolutionProperties) = preSolution
		HideSolutionNode = FALSE
	EndGlobalSection
	GlobalSection(MonoDevelopProperties) = preSolution
		StartupItem = Test\Test.csproj
		Policies = $0
		$0.TextStylePolicy = $1
		$1.inheritsSet = null
		$1.scope = text/x-csharp
		$0.CSharpFormattingPolicy = $2
		$2.inheritsSet = Mono
		$2.inheritsScope = text/x-csharp
		$2.scope = text/x-csharp
		$0.TextStylePolicy = $3
		$3.FileWidth = 120
		$3.TabWidth = 4
		$3.inheritsSet = Mono
		$3.inheritsScope = text/plain
		$3.scope = text/plain
		$0.StandardHeader = $4
		$4.inheritsSet = Apache2License
		$0.VersionControlPolicy = $5
		$5.inheritsSet = Mono
		$0.ChangeLogPolicy = $6
		$6.UpdateMode = None
		$6.MessageStyle = $7
		$7.LineAlign = 0
		$6.inheritsSet = Mono
	EndGlobalSection
EndGlobal
