
Microsoft Visual Studio Solution File, Format Version 12.00
# Visual Studio 2012
Project("{FAE04EC0-301F-11D3-BF4B-00C04F79EFBC}") = "ImpromptuInterface", "ImpromptuInterface\ImpromptuInterface.csproj", "{DAB7C056-660A-4153-8FF2-B80A41310AD7}"
EndProject
Project("{F2A71F9B-5D33-465A-A702-920D77279786}") = "ImpromptuInterface.FSharp", "ImpromptuInterface.FSharp\ImpromptuInterface.FSharp.fsproj", "{D4D82191-1F83-43FB-8309-83637D8D11E8}"
EndProject
Project("{FAE04EC0-301F-11D3-BF4B-00C04F79EFBC}") = "ImpromptuInterface.MVVM", "ImpromptuInterface.MVVM\ImpromptuInterface.MVVM.csproj", "{D6AFD960-23A5-4EB0-9EEE-33AEC422B1CB}"
EndProject
Project("{2150E333-8FDC-42A3-9474-1A3956D46DE8}") = "Tests", "Tests", "{AA7AA927-7BEC-4DFB-88FC-9EE327034245}"
EndProject
Project("{FAE04EC0-301F-11D3-BF4B-00C04F79EFBC}") = "UnitTestImpromptuInterface", "Tests\UnitTestImpromptuInterface\UnitTestImpromptuInterface.csproj", "{A559B4F8-8D9D-4761-B2D2-BB4104760450}"
EndProject
Project("{FAE04EC0-301F-11D3-BF4B-00C04F79EFBC}") = "UnitTestSupportLibrary", "Tests\UnitTestSupportLibrary\UnitTestSupportLibrary.csproj", "{0EC76091-958A-4020-BA6B-39B00EE55659}"
EndProject
Project("{FAE04EC0-301F-11D3-BF4B-00C04F79EFBC}") = "UnitTestImpromptuInterface.Clay", "Tests\UnitTestImpromptuInterface.Clay\UnitTestImpromptuInterface.Clay.csproj", "{15A061C0-A102-460E-A70A-0AFFE49B364E}"
EndProject
Project("{F184B08F-C81C-45F6-A57F-5ABD9991F28F}") = "UnitTestImpromptuInterface.VBNET", "Tests\UnitTestImpromptuInterface.VBNet\UnitTestImpromptuInterface.VBNET.vbproj", "{9D5436B9-5A2E-49BC-A99A-FB355F099AA9}"
EndProject
Project("{F2A71F9B-5D33-465A-A702-920D77279786}") = "UnitTestImpromptuInterface.FSharp", "Tests\UnitTestImpromptuInterface.FSharp\UnitTestImpromptuInterface.FSharp.fsproj", "{41DAF279-DFA1-4256-82CF-47F7BE0BEA10}"
EndProject
Project("{2150E333-8FDC-42A3-9474-1A3956D46DE8}") = ".nuget", ".nuget", "{01345672-51ED-4781-9A5F-E056D665C196}"
	ProjectSection(SolutionItems) = preProject
		.nuget\packages.config = .nuget\packages.config
	EndProjectSection
EndProject
Global
	GlobalSection(SolutionConfigurationPlatforms) = preSolution
		Debug|Any CPU = Debug|Any CPU
		Release|Any CPU = Release|Any CPU
	EndGlobalSection
	GlobalSection(ProjectConfigurationPlatforms) = postSolution
		{DAB7C056-660A-4153-8FF2-B80A41310AD7}.Debug|Any CPU.ActiveCfg = Debug|Any CPU
		{DAB7C056-660A-4153-8FF2-B80A41310AD7}.Debug|Any CPU.Build.0 = Debug|Any CPU
		{DAB7C056-660A-4153-8FF2-B80A41310AD7}.Release|Any CPU.ActiveCfg = Release|Any CPU
		{DAB7C056-660A-4153-8FF2-B80A41310AD7}.Release|Any CPU.Build.0 = Release|Any CPU
		{D4D82191-1F83-43FB-8309-83637D8D11E8}.Debug|Any CPU.ActiveCfg = Debug|Any CPU
		{D4D82191-1F83-43FB-8309-83637D8D11E8}.Debug|Any CPU.Build.0 = Debug|Any CPU
		{D4D82191-1F83-43FB-8309-83637D8D11E8}.Release|Any CPU.ActiveCfg = Release|Any CPU
		{D4D82191-1F83-43FB-8309-83637D8D11E8}.Release|Any CPU.Build.0 = Release|Any CPU
		{D6AFD960-23A5-4EB0-9EEE-33AEC422B1CB}.Debug|Any CPU.ActiveCfg = Debug|Any CPU
		{D6AFD960-23A5-4EB0-9EEE-33AEC422B1CB}.Debug|Any CPU.Build.0 = Debug|Any CPU
		{D6AFD960-23A5-4EB0-9EEE-33AEC422B1CB}.Release|Any CPU.ActiveCfg = Release|Any CPU
		{D6AFD960-23A5-4EB0-9EEE-33AEC422B1CB}.Release|Any CPU.Build.0 = Release|Any CPU
		{A559B4F8-8D9D-4761-B2D2-BB4104760450}.Debug|Any CPU.ActiveCfg = Debug|Any CPU
		{A559B4F8-8D9D-4761-B2D2-BB4104760450}.Debug|Any CPU.Build.0 = Debug|Any CPU
		{A559B4F8-8D9D-4761-B2D2-BB4104760450}.Release|Any CPU.ActiveCfg = Release|Any CPU
		{A559B4F8-8D9D-4761-B2D2-BB4104760450}.Release|Any CPU.Build.0 = Release|Any CPU
		{0EC76091-958A-4020-BA6B-39B00EE55659}.Debug|Any CPU.ActiveCfg = Debug|Any CPU
		{0EC76091-958A-4020-BA6B-39B00EE55659}.Debug|Any CPU.Build.0 = Debug|Any CPU
		{0EC76091-958A-4020-BA6B-39B00EE55659}.Release|Any CPU.ActiveCfg = Release|Any CPU
		{0EC76091-958A-4020-BA6B-39B00EE55659}.Release|Any CPU.Build.0 = Release|Any CPU
		{15A061C0-A102-460E-A70A-0AFFE49B364E}.Debug|Any CPU.ActiveCfg = Debug|Any CPU
		{15A061C0-A102-460E-A70A-0AFFE49B364E}.Debug|Any CPU.Build.0 = Debug|Any CPU
		{15A061C0-A102-460E-A70A-0AFFE49B364E}.Release|Any CPU.ActiveCfg = Release|Any CPU
		{15A061C0-A102-460E-A70A-0AFFE49B364E}.Release|Any CPU.Build.0 = Release|Any CPU
		{9D5436B9-5A2E-49BC-A99A-FB355F099AA9}.Debug|Any CPU.ActiveCfg = Debug|Any CPU
		{9D5436B9-5A2E-49BC-A99A-FB355F099AA9}.Debug|Any CPU.Build.0 = Debug|Any CPU
		{9D5436B9-5A2E-49BC-A99A-FB355F099AA9}.Release|Any CPU.ActiveCfg = Release|Any CPU
		{9D5436B9-5A2E-49BC-A99A-FB355F099AA9}.Release|Any CPU.Build.0 = Release|Any CPU
		{41DAF279-DFA1-4256-82CF-47F7BE0BEA10}.Debug|Any CPU.ActiveCfg = Debug|Any CPU
		{41DAF279-DFA1-4256-82CF-47F7BE0BEA10}.Debug|Any CPU.Build.0 = Debug|Any CPU
		{41DAF279-DFA1-4256-82CF-47F7BE0BEA10}.Release|Any CPU.ActiveCfg = Release|Any CPU
		{41DAF279-DFA1-4256-82CF-47F7BE0BEA10}.Release|Any CPU.Build.0 = Release|Any CPU
	EndGlobalSection
	GlobalSection(SolutionProperties) = preSolution
		HideSolutionNode = FALSE
	EndGlobalSection
	GlobalSection(NestedProjects) = preSolution
		{A559B4F8-8D9D-4761-B2D2-BB4104760450} = {AA7AA927-7BEC-4DFB-88FC-9EE327034245}
		{0EC76091-958A-4020-BA6B-39B00EE55659} = {AA7AA927-7BEC-4DFB-88FC-9EE327034245}
		{15A061C0-A102-460E-A70A-0AFFE49B364E} = {AA7AA927-7BEC-4DFB-88FC-9EE327034245}
		{9D5436B9-5A2E-49BC-A99A-FB355F099AA9} = {AA7AA927-7BEC-4DFB-88FC-9EE327034245}
		{41DAF279-DFA1-4256-82CF-47F7BE0BEA10} = {AA7AA927-7BEC-4DFB-88FC-9EE327034245}
	EndGlobalSection
EndGlobal
