
Microsoft Visual Studio Solution File, Format Version 11.00
# Visual Studio 2010
Project("{FAE04EC0-301F-11D3-BF4B-00C04F79EFBC}") = "QuackInterface", "QuackInterface\QuackInterface.csproj", "{DAB7C056-660A-4153-8FF2-B80A41310AD7}"
EndProject
Project("{FAE04EC0-301F-11D3-BF4B-00C04F79EFBC}") = "TestQuackInteraface", "TestQuackInteraface\TestQuackInteraface.csproj", "{D4F36086-FA0D-422F-AAFF-64F53C0A3C98}"
EndProject
Global
	GlobalSection(SolutionConfigurationPlatforms) = preSolution
		Debug|Any CPU = Debug|Any CPU
		Release|Any CPU = Release|Any CPU
	EndGlobalSection
	GlobalSection(ProjectConfigurationPlatforms) = postSolution
		{DAB7C056-660A-4153-8FF2-B80A41310AD7}.Debug|Any CPU.ActiveCfg = Debug|Any CPU
		{DAB7C056-660A-4153-8FF2-B80A41310AD7}.Debug|Any CPU.Build.0 = Debug|Any CPU
		{DAB7C056-660A-4153-8FF2-B80A41310AD7}.Release|Any CPU.ActiveCfg = Release|Any CPU
		{DAB7C056-660A-4153-8FF2-B80A41310AD7}.Release|Any CPU.Build.0 = Release|Any CPU
		{D4F36086-FA0D-422F-AAFF-64F53C0A3C98}.Debug|Any CPU.ActiveCfg = Debug|Any CPU
		{D4F36086-FA0D-422F-AAFF-64F53C0A3C98}.Debug|Any CPU.Build.0 = Debug|Any CPU
		{D4F36086-FA0D-422F-AAFF-64F53C0A3C98}.Release|Any CPU.ActiveCfg = Release|Any CPU
		{D4F36086-FA0D-422F-AAFF-64F53C0A3C98}.Release|Any CPU.Build.0 = Release|Any CPU
	EndGlobalSection
	GlobalSection(SolutionProperties) = preSolution
		HideSolutionNode = FALSE
	EndGlobalSection
EndGlobal
